
Microsoft Visual Studio Solution File, Format Version 12.00
# Visual Studio Version 16
VisualStudioVersion = 16.0.32106.194
MinimumVisualStudioVersion = 10.0.40219.1
Project("{FAE04EC0-301F-11D3-BF4B-00C04F79EFBC}") = "SC2 Lobby Notifier", "SC2 Lobby Notifier.csproj", "{35C78F36-A2AA-4CCC-9911-64E6BC84DAC7}"
EndProject
Global
	GlobalSection(SolutionConfigurationPlatforms) = preSolution
		Debug|Any CPU = Debug|Any CPU
		Release|Any CPU = Release|Any CPU
	EndGlobalSection
	GlobalSection(ProjectConfigurationPlatforms) = postSolution
		{35C78F36-A2AA-4CCC-9911-64E6BC84DAC7}.Debug|Any CPU.ActiveCfg = Debug|Any CPU
		{35C78F36-A2AA-4CCC-9911-64E6BC84DAC7}.Debug|Any CPU.Build.0 = Debug|Any CPU
		{35C78F36-A2AA-4CCC-9911-64E6BC84DAC7}.Release|Any CPU.ActiveCfg = Release|Any CPU
		{35C78F36-A2AA-4CCC-9911-64E6BC84DAC7}.Release|Any CPU.Build.0 = Release|Any CPU
	EndGlobalSection
	GlobalSection(SolutionProperties) = preSolution
		HideSolutionNode = FALSE
	EndGlobalSection
	GlobalSection(ExtensibilityGlobals) = postSolution
		SolutionGuid = {EA5F82B6-2E8A-4C90-A7F9-DA571C249D0F}
	EndGlobalSection
EndGlobal
